
Microsoft Visual Studio Solution File, Format Version 12.00
# Visual Studio Version 17
VisualStudioVersion = 17.11.35312.102
MinimumVisualStudioVersion = 10.0.40219.1
Project("{FAE04EC0-301F-11D3-BF4B-00C04F79EFBC}") = "SisFut-SistemaOrganizacionalJogosdeFutsal", "SisFut-SistemaOrganizacionalJogosdeFutsal\SisFut-SistemaOrganizacionalJogosdeFutsal.csproj", "{658ACF09-8F32-4003-8151-7B857ACE9E7C}"
EndProject
Global
	GlobalSection(SolutionConfigurationPlatforms) = preSolution
		Debug|Any CPU = Debug|Any CPU
		Release|Any CPU = Release|Any CPU
	EndGlobalSection
	GlobalSection(ProjectConfigurationPlatforms) = postSolution
		{658ACF09-8F32-4003-8151-7B857ACE9E7C}.Debug|Any CPU.ActiveCfg = Debug|Any CPU
		{658ACF09-8F32-4003-8151-7B857ACE9E7C}.Debug|Any CPU.Build.0 = Debug|Any CPU
		{658ACF09-8F32-4003-8151-7B857ACE9E7C}.Release|Any CPU.ActiveCfg = Release|Any CPU
		{658ACF09-8F32-4003-8151-7B857ACE9E7C}.Release|Any CPU.Build.0 = Release|Any CPU
	EndGlobalSection
	GlobalSection(SolutionProperties) = preSolution
		HideSolutionNode = FALSE
	EndGlobalSection
	GlobalSection(ExtensibilityGlobals) = postSolution
		SolutionGuid = {2054A195-D6A8-4A7D-9593-85EFFE083E56}
	EndGlobalSection
EndGlobal
